
Microsoft Visual Studio Solution File, Format Version 12.00
# Visual Studio Version 17
VisualStudioVersion = 17.8.34330.188
MinimumVisualStudioVersion = 10.0.40219.1
Project("{FAE04EC0-301F-11D3-BF4B-00C04F79EFBC}") = "PustokHomework", "PustokHomework\PustokHomework.csproj", "{19530893-62CB-4D1E-8196-30709DB4B41A}"
EndProject
Global
	GlobalSection(SolutionConfigurationPlatforms) = preSolution
		Debug|Any CPU = Debug|Any CPU
		Release|Any CPU = Release|Any CPU
	EndGlobalSection
	GlobalSection(ProjectConfigurationPlatforms) = postSolution
		{19530893-62CB-4D1E-8196-30709DB4B41A}.Debug|Any CPU.ActiveCfg = Debug|Any CPU
		{19530893-62CB-4D1E-8196-30709DB4B41A}.Debug|Any CPU.Build.0 = Debug|Any CPU
		{19530893-62CB-4D1E-8196-30709DB4B41A}.Release|Any CPU.ActiveCfg = Release|Any CPU
		{19530893-62CB-4D1E-8196-30709DB4B41A}.Release|Any CPU.Build.0 = Release|Any CPU
	EndGlobalSection
	GlobalSection(SolutionProperties) = preSolution
		HideSolutionNode = FALSE
	EndGlobalSection
	GlobalSection(ExtensibilityGlobals) = postSolution
		SolutionGuid = {99832556-BA01-4A71-9B81-720987B81648}
	EndGlobalSection
EndGlobal
